// !$*UTF8*$!
{
	archiveVersion = 1;
	classes = {
	};
	objectVersion = 48;
	objects = {

/* Begin PBXBuildFile section */
		3E0230692A54C676C14ED38D /* Pods_ios_photo_viewer_demoTests.framework in Frameworks */ = {isa = PBXBuildFile; fileRef = 7F25CD722370A6FD3478F6FD /* Pods_ios_photo_viewer_demoTests.framework */; };
		9607C5A61F9CDAB700C857EA /* AppDelegate.swift in Sources */ = {isa = PBXBuildFile; fileRef = 9607C5A51F9CDAB700C857EA /* AppDelegate.swift */; };
		9607C5AD1F9CDAB700C857EA /* Assets.xcassets in Resources */ = {isa = PBXBuildFile; fileRef = 9607C5AC1F9CDAB700C857EA /* Assets.xcassets */; };
		9607C5B01F9CDAB700C857EA /* LaunchScreen.storyboard in Resources */ = {isa = PBXBuildFile; fileRef = 9607C5AE1F9CDAB700C857EA /* LaunchScreen.storyboard */; };
		9607C5BB1F9CDAB700C857EA /* ios_photo_viewer_demoTests.swift in Sources */ = {isa = PBXBuildFile; fileRef = 9607C5BA1F9CDAB700C857EA /* ios_photo_viewer_demoTests.swift */; };
		9607C5CD1F9CE0F000C857EA /* Localizable.strings in Resources */ = {isa = PBXBuildFile; fileRef = 9607C5CC1F9CE0F000C857EA /* Localizable.strings */; };
		9607C5CF1F9CE10E00C857EA /* Constants.swift in Sources */ = {isa = PBXBuildFile; fileRef = 9607C5CE1F9CE10E00C857EA /* Constants.swift */; };
		9607C5D21F9CE39E00C857EA /* NetworkManager.swift in Sources */ = {isa = PBXBuildFile; fileRef = 9607C5D11F9CE39E00C857EA /* NetworkManager.swift */; };
		9607C5D41F9CE3E600C857EA /* Router.swift in Sources */ = {isa = PBXBuildFile; fileRef = 9607C5D31F9CE3E600C857EA /* Router.swift */; };
		9607C5D61F9CE62D00C857EA /* NSObject+ClassName.swift in Sources */ = {isa = PBXBuildFile; fileRef = 9607C5D51F9CE62D00C857EA /* NSObject+ClassName.swift */; };
		9607C5D81F9CE66100C857EA /* Error+NSError.swift in Sources */ = {isa = PBXBuildFile; fileRef = 9607C5D71F9CE66100C857EA /* Error+NSError.swift */; };
		9607C5DA1F9CE6B300C857EA /* UIStoryboard+Instance.swift in Sources */ = {isa = PBXBuildFile; fileRef = 9607C5D91F9CE6B300C857EA /* UIStoryboard+Instance.swift */; };
		9607C5E21F9CE82700C857EA /* Photo.swift in Sources */ = {isa = PBXBuildFile; fileRef = 9607C5E11F9CE82700C857EA /* Photo.swift */; };
		9607C5E41F9CE84A00C857EA /* Photos.swift in Sources */ = {isa = PBXBuildFile; fileRef = 9607C5E31F9CE84A00C857EA /* Photos.swift */; };
		9607C5E61F9CE86300C857EA /* SearchPhotoResult.swift in Sources */ = {isa = PBXBuildFile; fileRef = 9607C5E51F9CE86300C857EA /* SearchPhotoResult.swift */; };
		9607C5E81F9CE89E00C857EA /* FlickrBaseParamsBuilder.swift in Sources */ = {isa = PBXBuildFile; fileRef = 9607C5E71F9CE89E00C857EA /* FlickrBaseParamsBuilder.swift */; };
		9607C5EA1F9CE8D600C857EA /* PhotoImageURLBuilder.swift in Sources */ = {isa = PBXBuildFile; fileRef = 9607C5E91F9CE8D600C857EA /* PhotoImageURLBuilder.swift */; };
		9607C5EC1F9CE93400C857EA /* SearchPhotoAPI.swift in Sources */ = {isa = PBXBuildFile; fileRef = 9607C5EB1F9CE93400C857EA /* SearchPhotoAPI.swift */; };
		961923901F9F6C40003F2BF0 /* FavoritePhotoTests.swift in Sources */ = {isa = PBXBuildFile; fileRef = 9619238F1F9F6C40003F2BF0 /* FavoritePhotoTests.swift */; };
		961923921F9F7289003F2BF0 /* FavoritePhotoDaoTests.swift in Sources */ = {isa = PBXBuildFile; fileRef = 961923911F9F7289003F2BF0 /* FavoritePhotoDaoTests.swift */; };
		961923961F9F8918003F2BF0 /* SearchPhotoListCollectionViewCell.swift in Sources */ = {isa = PBXBuildFile; fileRef = 961923951F9F8918003F2BF0 /* SearchPhotoListCollectionViewCell.swift */; };
		9619239A1F9F8F8A003F2BF0 /* FavoritePhotoListCollectionViewCell.swift in Sources */ = {isa = PBXBuildFile; fileRef = 961923991F9F8F8A003F2BF0 /* FavoritePhotoListCollectionViewCell.swift */; };
		9619239C1F9F9290003F2BF0 /* SearchPhotoListProvider.swift in Sources */ = {isa = PBXBuildFile; fileRef = 9619239B1F9F9290003F2BF0 /* SearchPhotoListProvider.swift */; };
		961923A11F9F9CC9003F2BF0 /* SearchPhotoStatusType.swift in Sources */ = {isa = PBXBuildFile; fileRef = 961923A01F9F9CC9003F2BF0 /* SearchPhotoStatusType.swift */; };
		961923A31F9FA07D003F2BF0 /* String+Localized.swift in Sources */ = {isa = PBXBuildFile; fileRef = 961923A21F9FA07D003F2BF0 /* String+Localized.swift */; };
		964951DC1F9FA251001C90B6 /* SearchPhotoStatus.swift in Sources */ = {isa = PBXBuildFile; fileRef = 964951DB1F9FA251001C90B6 /* SearchPhotoStatus.swift */; };
		964951DE1F9FA2AD001C90B6 /* SearchPhotoStatusError.swift in Sources */ = {isa = PBXBuildFile; fileRef = 964951DD1F9FA2AD001C90B6 /* SearchPhotoStatusError.swift */; };
		964951E01F9FA3B0001C90B6 /* SearchPhotoStatusNoData.swift in Sources */ = {isa = PBXBuildFile; fileRef = 964951DF1F9FA3B0001C90B6 /* SearchPhotoStatusNoData.swift */; };
		964951E21F9FA49A001C90B6 /* SearchPhotoStatusNone.swift in Sources */ = {isa = PBXBuildFile; fileRef = 964951E11F9FA49A001C90B6 /* SearchPhotoStatusNone.swift */; };
		964951E41F9FA500001C90B6 /* SearchPhotoStatusOffLine.swift in Sources */ = {isa = PBXBuildFile; fileRef = 964951E31F9FA500001C90B6 /* SearchPhotoStatusOffLine.swift */; };
		964951E61F9FA60B001C90B6 /* SearchPhotoStatusLoaded.swift in Sources */ = {isa = PBXBuildFile; fileRef = 964951E51F9FA60B001C90B6 /* SearchPhotoStatusLoaded.swift */; };
		964951E81F9FA943001C90B6 /* UIScrollView+Scroll.swift in Sources */ = {isa = PBXBuildFile; fileRef = 964951E71F9FA943001C90B6 /* UIScrollView+Scroll.swift */; };
		964951EA1F9FAA3A001C90B6 /* SearchPhotoListIllegalCollectionViewCell.swift in Sources */ = {isa = PBXBuildFile; fileRef = 964951E91F9FAA3A001C90B6 /* SearchPhotoListIllegalCollectionViewCell.swift */; };
		964951EC1F9FAB4B001C90B6 /* SearchPhotoStatusFactory.swift in Sources */ = {isa = PBXBuildFile; fileRef = 964951EB1F9FAB4B001C90B6 /* SearchPhotoStatusFactory.swift */; };
		964951EF1F9FAF00001C90B6 /* SearchPhotoListViewController.swift in Sources */ = {isa = PBXBuildFile; fileRef = 964951EE1F9FAF00001C90B6 /* SearchPhotoListViewController.swift */; };
		9669E3811F9CEBCC002743FB /* SearchPhotoParamsBuilder.swift in Sources */ = {isa = PBXBuildFile; fileRef = 9669E3801F9CEBCC002743FB /* SearchPhotoParamsBuilder.swift */; };
		9669E3821F9CEC75002743FB /* APIClient.swift in Sources */ = {isa = PBXBuildFile; fileRef = 9607C5D01F9CE34400C857EA /* APIClient.swift */; };
		9669E3871F9CF07A002743FB /* flickr.json in Resources */ = {isa = PBXBuildFile; fileRef = 9669E3861F9CF07A002743FB /* flickr.json */; };
		9669E3891F9CF094002743FB /* MocPhotoList.swift in Sources */ = {isa = PBXBuildFile; fileRef = 9669E3881F9CF094002743FB /* MocPhotoList.swift */; };
		9669E38D1F9CF263002743FB /* SearchPhotoResultTests.swift in Sources */ = {isa = PBXBuildFile; fileRef = 9669E38C1F9CF263002743FB /* SearchPhotoResultTests.swift */; };
		9669E38F1F9CF2C6002743FB /* PhotoTests.swift in Sources */ = {isa = PBXBuildFile; fileRef = 9669E38E1F9CF2C6002743FB /* PhotoTests.swift */; };
		9669E3911F9CF2EE002743FB /* PhotosTests.swift in Sources */ = {isa = PBXBuildFile; fileRef = 9669E3901F9CF2EE002743FB /* PhotosTests.swift */; };
		9669E3931F9CF315002743FB /* FlickrBaseParamsBuilderTests.swift in Sources */ = {isa = PBXBuildFile; fileRef = 9669E3921F9CF315002743FB /* FlickrBaseParamsBuilderTests.swift */; };
		9669E3951F9CF338002743FB /* PhotoImageURLBuilderTests.swift in Sources */ = {isa = PBXBuildFile; fileRef = 9669E3941F9CF338002743FB /* PhotoImageURLBuilderTests.swift */; };
		9669E3971F9CF35F002743FB /* SearchPhotoAPITests.swift in Sources */ = {isa = PBXBuildFile; fileRef = 9669E3961F9CF35F002743FB /* SearchPhotoAPITests.swift */; };
		9669E3991F9CF45D002743FB /* SearchPhotoParamsBuilderTests.swift in Sources */ = {isa = PBXBuildFile; fileRef = 9669E3981F9CF45D002743FB /* SearchPhotoParamsBuilderTests.swift */; };
		9669E39C1F9CF56D002743FB /* SpyPhotoSearchLoadable.swift in Sources */ = {isa = PBXBuildFile; fileRef = 9669E39B1F9CF56D002743FB /* SpyPhotoSearchLoadable.swift */; };
		966F0EF31F9E526C007470A2 /* RealmDaoHelper.swift in Sources */ = {isa = PBXBuildFile; fileRef = 966F0EF21F9E526C007470A2 /* RealmDaoHelper.swift */; };
		966F0EF51F9E52F9007470A2 /* FavoritePhoto.swift in Sources */ = {isa = PBXBuildFile; fileRef = 966F0EF41F9E52F9007470A2 /* FavoritePhoto.swift */; };
		966F0EF71F9E5895007470A2 /* FavoritePhotoDao.swift in Sources */ = {isa = PBXBuildFile; fileRef = 966F0EF61F9E5895007470A2 /* FavoritePhotoDao.swift */; };
		966F0EF91F9E5A7E007470A2 /* Date+JP.swift in Sources */ = {isa = PBXBuildFile; fileRef = 966F0EF81F9E5A7E007470A2 /* Date+JP.swift */; };
		967E2DE41FA0F84400DD7BDB /* FavoritePhotoListProvider.swift in Sources */ = {isa = PBXBuildFile; fileRef = 967E2DE31FA0F84400DD7BDB /* FavoritePhotoListProvider.swift */; };
		967E2DE71FA0FFCC00DD7BDB /* FavoritePhotoListViewController.swift in Sources */ = {isa = PBXBuildFile; fileRef = 967E2DE61FA0FFCC00DD7BDB /* FavoritePhotoListViewController.swift */; };
		967E2DE91FA1014A00DD7BDB /* FavoritePhotoListViewController.storyboard in Resources */ = {isa = PBXBuildFile; fileRef = 967E2DE81FA1014A00DD7BDB /* FavoritePhotoListViewController.storyboard */; };
		96C1BFE31F9FB65800042028 /* SearchPhotoListViewController.storyboard in Resources */ = {isa = PBXBuildFile; fileRef = 96C1BFE21F9FB65800042028 /* SearchPhotoListViewController.storyboard */; };
		96C1BFE51F9FB70300042028 /* UIView+Style.swift in Sources */ = {isa = PBXBuildFile; fileRef = 96C1BFE41F9FB70300042028 /* UIView+Style.swift */; };
		96C1BFE71F9FBA8100042028 /* SVProgressHUD+kt.swift in Sources */ = {isa = PBXBuildFile; fileRef = 96C1BFE61F9FBA8100042028 /* SVProgressHUD+kt.swift */; };
		96C82CE81FA0EC2A0088E679 /* SearchPhotoStatusLoading.swift in Sources */ = {isa = PBXBuildFile; fileRef = 96C82CE71FA0EC2A0088E679 /* SearchPhotoStatusLoading.swift */; };
		96C82CEB1FA0EDC70088E679 /* JigglyAnimatable.swift in Sources */ = {isa = PBXBuildFile; fileRef = 96C82CEA1FA0EDC70088E679 /* JigglyAnimatable.swift */; };
		96C82CED1FA0F2570088E679 /* FavoritePhotoListIllegalCollectionViewCell.swift in Sources */ = {isa = PBXBuildFile; fileRef = 96C82CEC1FA0F2570088E679 /* FavoritePhotoListIllegalCollectionViewCell.swift */; };
		FAA909F4EC7EC90686B59D69 /* Pods_ios_photo_viewer_demo.framework in Frameworks */ = {isa = PBXBuildFile; fileRef = 069A9DD619E733D9B32F4E70 /* Pods_ios_photo_viewer_demo.framework */; };
/* End PBXBuildFile section */

/* Begin PBXContainerItemProxy section */
		9607C5B71F9CDAB700C857EA /* PBXContainerItemProxy */ = {
			isa = PBXContainerItemProxy;
			containerPortal = 9607C59A1F9CDAB700C857EA /* Project object */;
			proxyType = 1;
			remoteGlobalIDString = 9607C5A11F9CDAB700C857EA;
			remoteInfo = "ios-photo-viewer-demo";
		};
/* End PBXContainerItemProxy section */

/* Begin PBXFileReference section */
		069A9DD619E733D9B32F4E70 /* Pods_ios_photo_viewer_demo.framework */ = {isa = PBXFileReference; explicitFileType = wrapper.framework; includeInIndex = 0; path = Pods_ios_photo_viewer_demo.framework; sourceTree = BUILT_PRODUCTS_DIR; };
		25AA35D47565AB931BAA8245 /* Pods-ios-photo-viewer-demo.release.xcconfig */ = {isa = PBXFileReference; includeInIndex = 1; lastKnownFileType = text.xcconfig; name = "Pods-ios-photo-viewer-demo.release.xcconfig"; path = "Pods/Target Support Files/Pods-ios-photo-viewer-demo/Pods-ios-photo-viewer-demo.release.xcconfig"; sourceTree = "<group>"; };
		3A7DF3AA5406FE167C49BEEF /* Pods-ios-photo-viewer-demoTests.debug.xcconfig */ = {isa = PBXFileReference; includeInIndex = 1; lastKnownFileType = text.xcconfig; name = "Pods-ios-photo-viewer-demoTests.debug.xcconfig"; path = "Pods/Target Support Files/Pods-ios-photo-viewer-demoTests/Pods-ios-photo-viewer-demoTests.debug.xcconfig"; sourceTree = "<group>"; };
		7F25CD722370A6FD3478F6FD /* Pods_ios_photo_viewer_demoTests.framework */ = {isa = PBXFileReference; explicitFileType = wrapper.framework; includeInIndex = 0; path = Pods_ios_photo_viewer_demoTests.framework; sourceTree = BUILT_PRODUCTS_DIR; };
		9607C5A21F9CDAB700C857EA /* ios-photo-viewer-demo.app */ = {isa = PBXFileReference; explicitFileType = wrapper.application; includeInIndex = 0; path = "ios-photo-viewer-demo.app"; sourceTree = BUILT_PRODUCTS_DIR; };
		9607C5A51F9CDAB700C857EA /* AppDelegate.swift */ = {isa = PBXFileReference; lastKnownFileType = sourcecode.swift; path = AppDelegate.swift; sourceTree = "<group>"; };
		9607C5AC1F9CDAB700C857EA /* Assets.xcassets */ = {isa = PBXFileReference; lastKnownFileType = folder.assetcatalog; path = Assets.xcassets; sourceTree = "<group>"; };
		9607C5AF1F9CDAB700C857EA /* Base */ = {isa = PBXFileReference; lastKnownFileType = file.storyboard; name = Base; path = Base.lproj/LaunchScreen.storyboard; sourceTree = "<group>"; };
		9607C5B11F9CDAB700C857EA /* Info.plist */ = {isa = PBXFileReference; lastKnownFileType = text.plist.xml; path = Info.plist; sourceTree = "<group>"; };
		9607C5B61F9CDAB700C857EA /* ios-photo-viewer-demoTests.xctest */ = {isa = PBXFileReference; explicitFileType = wrapper.cfbundle; includeInIndex = 0; path = "ios-photo-viewer-demoTests.xctest"; sourceTree = BUILT_PRODUCTS_DIR; };
		9607C5BA1F9CDAB700C857EA /* ios_photo_viewer_demoTests.swift */ = {isa = PBXFileReference; lastKnownFileType = sourcecode.swift; path = ios_photo_viewer_demoTests.swift; sourceTree = "<group>"; };
		9607C5BC1F9CDAB700C857EA /* Info.plist */ = {isa = PBXFileReference; lastKnownFileType = text.plist.xml; path = Info.plist; sourceTree = "<group>"; };
		9607C5CC1F9CE0F000C857EA /* Localizable.strings */ = {isa = PBXFileReference; lastKnownFileType = text.plist.strings; path = Localizable.strings; sourceTree = "<group>"; };
		9607C5CE1F9CE10E00C857EA /* Constants.swift */ = {isa = PBXFileReference; lastKnownFileType = sourcecode.swift; path = Constants.swift; sourceTree = "<group>"; };
		9607C5D01F9CE34400C857EA /* APIClient.swift */ = {isa = PBXFileReference; lastKnownFileType = sourcecode.swift; path = APIClient.swift; sourceTree = "<group>"; };
		9607C5D11F9CE39E00C857EA /* NetworkManager.swift */ = {isa = PBXFileReference; lastKnownFileType = sourcecode.swift; path = NetworkManager.swift; sourceTree = "<group>"; };
		9607C5D31F9CE3E600C857EA /* Router.swift */ = {isa = PBXFileReference; lastKnownFileType = sourcecode.swift; path = Router.swift; sourceTree = "<group>"; };
		9607C5D51F9CE62D00C857EA /* NSObject+ClassName.swift */ = {isa = PBXFileReference; lastKnownFileType = sourcecode.swift; path = "NSObject+ClassName.swift"; sourceTree = "<group>"; };
		9607C5D71F9CE66100C857EA /* Error+NSError.swift */ = {isa = PBXFileReference; lastKnownFileType = sourcecode.swift; path = "Error+NSError.swift"; sourceTree = "<group>"; };
		9607C5D91F9CE6B300C857EA /* UIStoryboard+Instance.swift */ = {isa = PBXFileReference; lastKnownFileType = sourcecode.swift; path = "UIStoryboard+Instance.swift"; sourceTree = "<group>"; };
		9607C5E11F9CE82700C857EA /* Photo.swift */ = {isa = PBXFileReference; lastKnownFileType = sourcecode.swift; path = Photo.swift; sourceTree = "<group>"; };
		9607C5E31F9CE84A00C857EA /* Photos.swift */ = {isa = PBXFileReference; lastKnownFileType = sourcecode.swift; path = Photos.swift; sourceTree = "<group>"; };
		9607C5E51F9CE86300C857EA /* SearchPhotoResult.swift */ = {isa = PBXFileReference; lastKnownFileType = sourcecode.swift; path = SearchPhotoResult.swift; sourceTree = "<group>"; };
		9607C5E71F9CE89E00C857EA /* FlickrBaseParamsBuilder.swift */ = {isa = PBXFileReference; lastKnownFileType = sourcecode.swift; path = FlickrBaseParamsBuilder.swift; sourceTree = "<group>"; };
		9607C5E91F9CE8D600C857EA /* PhotoImageURLBuilder.swift */ = {isa = PBXFileReference; lastKnownFileType = sourcecode.swift; path = PhotoImageURLBuilder.swift; sourceTree = "<group>"; };
		9607C5EB1F9CE93400C857EA /* SearchPhotoAPI.swift */ = {isa = PBXFileReference; lastKnownFileType = sourcecode.swift; path = SearchPhotoAPI.swift; sourceTree = "<group>"; };
		9619238F1F9F6C40003F2BF0 /* FavoritePhotoTests.swift */ = {isa = PBXFileReference; lastKnownFileType = sourcecode.swift; path = FavoritePhotoTests.swift; sourceTree = "<group>"; };
		961923911F9F7289003F2BF0 /* FavoritePhotoDaoTests.swift */ = {isa = PBXFileReference; lastKnownFileType = sourcecode.swift; path = FavoritePhotoDaoTests.swift; sourceTree = "<group>"; };
		961923951F9F8918003F2BF0 /* SearchPhotoListCollectionViewCell.swift */ = {isa = PBXFileReference; lastKnownFileType = sourcecode.swift; path = SearchPhotoListCollectionViewCell.swift; sourceTree = "<group>"; };
		961923991F9F8F8A003F2BF0 /* FavoritePhotoListCollectionViewCell.swift */ = {isa = PBXFileReference; lastKnownFileType = sourcecode.swift; path = FavoritePhotoListCollectionViewCell.swift; sourceTree = "<group>"; };
		9619239B1F9F9290003F2BF0 /* SearchPhotoListProvider.swift */ = {isa = PBXFileReference; lastKnownFileType = sourcecode.swift; path = SearchPhotoListProvider.swift; sourceTree = "<group>"; };
		961923A01F9F9CC9003F2BF0 /* SearchPhotoStatusType.swift */ = {isa = PBXFileReference; lastKnownFileType = sourcecode.swift; path = SearchPhotoStatusType.swift; sourceTree = "<group>"; };
		961923A21F9FA07D003F2BF0 /* String+Localized.swift */ = {isa = PBXFileReference; lastKnownFileType = sourcecode.swift; path = "String+Localized.swift"; sourceTree = "<group>"; };
		964951DB1F9FA251001C90B6 /* SearchPhotoStatus.swift */ = {isa = PBXFileReference; lastKnownFileType = sourcecode.swift; path = SearchPhotoStatus.swift; sourceTree = "<group>"; };
		964951DD1F9FA2AD001C90B6 /* SearchPhotoStatusError.swift */ = {isa = PBXFileReference; lastKnownFileType = sourcecode.swift; path = SearchPhotoStatusError.swift; sourceTree = "<group>"; };
		964951DF1F9FA3B0001C90B6 /* SearchPhotoStatusNoData.swift */ = {isa = PBXFileReference; lastKnownFileType = sourcecode.swift; path = SearchPhotoStatusNoData.swift; sourceTree = "<group>"; };
		964951E11F9FA49A001C90B6 /* SearchPhotoStatusNone.swift */ = {isa = PBXFileReference; lastKnownFileType = sourcecode.swift; path = SearchPhotoStatusNone.swift; sourceTree = "<group>"; };
		964951E31F9FA500001C90B6 /* SearchPhotoStatusOffLine.swift */ = {isa = PBXFileReference; lastKnownFileType = sourcecode.swift; path = SearchPhotoStatusOffLine.swift; sourceTree = "<group>"; };
		964951E51F9FA60B001C90B6 /* SearchPhotoStatusLoaded.swift */ = {isa = PBXFileReference; lastKnownFileType = sourcecode.swift; path = SearchPhotoStatusLoaded.swift; sourceTree = "<group>"; };
		964951E71F9FA943001C90B6 /* UIScrollView+Scroll.swift */ = {isa = PBXFileReference; lastKnownFileType = sourcecode.swift; path = "UIScrollView+Scroll.swift"; sourceTree = "<group>"; };
		964951E91F9FAA3A001C90B6 /* SearchPhotoListIllegalCollectionViewCell.swift */ = {isa = PBXFileReference; lastKnownFileType = sourcecode.swift; path = SearchPhotoListIllegalCollectionViewCell.swift; sourceTree = "<group>"; };
		964951EB1F9FAB4B001C90B6 /* SearchPhotoStatusFactory.swift */ = {isa = PBXFileReference; lastKnownFileType = sourcecode.swift; path = SearchPhotoStatusFactory.swift; sourceTree = "<group>"; };
		964951EE1F9FAF00001C90B6 /* SearchPhotoListViewController.swift */ = {isa = PBXFileReference; lastKnownFileType = sourcecode.swift; path = SearchPhotoListViewController.swift; sourceTree = "<group>"; };
		9669E3801F9CEBCC002743FB /* SearchPhotoParamsBuilder.swift */ = {isa = PBXFileReference; lastKnownFileType = sourcecode.swift; path = SearchPhotoParamsBuilder.swift; sourceTree = "<group>"; };
		9669E3861F9CF07A002743FB /* flickr.json */ = {isa = PBXFileReference; lastKnownFileType = text.json; path = flickr.json; sourceTree = "<group>"; };
		9669E3881F9CF094002743FB /* MocPhotoList.swift */ = {isa = PBXFileReference; lastKnownFileType = sourcecode.swift; path = MocPhotoList.swift; sourceTree = "<group>"; };
		9669E38C1F9CF263002743FB /* SearchPhotoResultTests.swift */ = {isa = PBXFileReference; lastKnownFileType = sourcecode.swift; path = SearchPhotoResultTests.swift; sourceTree = "<group>"; };
		9669E38E1F9CF2C6002743FB /* PhotoTests.swift */ = {isa = PBXFileReference; lastKnownFileType = sourcecode.swift; path = PhotoTests.swift; sourceTree = "<group>"; };
		9669E3901F9CF2EE002743FB /* PhotosTests.swift */ = {isa = PBXFileReference; lastKnownFileType = sourcecode.swift; path = PhotosTests.swift; sourceTree = "<group>"; };
		9669E3921F9CF315002743FB /* FlickrBaseParamsBuilderTests.swift */ = {isa = PBXFileReference; lastKnownFileType = sourcecode.swift; path = FlickrBaseParamsBuilderTests.swift; sourceTree = "<group>"; };
		9669E3941F9CF338002743FB /* PhotoImageURLBuilderTests.swift */ = {isa = PBXFileReference; lastKnownFileType = sourcecode.swift; path = PhotoImageURLBuilderTests.swift; sourceTree = "<group>"; };
		9669E3961F9CF35F002743FB /* SearchPhotoAPITests.swift */ = {isa = PBXFileReference; lastKnownFileType = sourcecode.swift; path = SearchPhotoAPITests.swift; sourceTree = "<group>"; };
		9669E3981F9CF45D002743FB /* SearchPhotoParamsBuilderTests.swift */ = {isa = PBXFileReference; lastKnownFileType = sourcecode.swift; path = SearchPhotoParamsBuilderTests.swift; sourceTree = "<group>"; };
		9669E39B1F9CF56D002743FB /* SpyPhotoSearchLoadable.swift */ = {isa = PBXFileReference; lastKnownFileType = sourcecode.swift; path = SpyPhotoSearchLoadable.swift; sourceTree = "<group>"; };
		966F0EF21F9E526C007470A2 /* RealmDaoHelper.swift */ = {isa = PBXFileReference; lastKnownFileType = sourcecode.swift; path = RealmDaoHelper.swift; sourceTree = "<group>"; };
		966F0EF41F9E52F9007470A2 /* FavoritePhoto.swift */ = {isa = PBXFileReference; lastKnownFileType = sourcecode.swift; path = FavoritePhoto.swift; sourceTree = "<group>"; };
		966F0EF61F9E5895007470A2 /* FavoritePhotoDao.swift */ = {isa = PBXFileReference; lastKnownFileType = sourcecode.swift; path = FavoritePhotoDao.swift; sourceTree = "<group>"; };
		966F0EF81F9E5A7E007470A2 /* Date+JP.swift */ = {isa = PBXFileReference; lastKnownFileType = sourcecode.swift; path = "Date+JP.swift"; sourceTree = "<group>"; };
		967E2DE31FA0F84400DD7BDB /* FavoritePhotoListProvider.swift */ = {isa = PBXFileReference; lastKnownFileType = sourcecode.swift; path = FavoritePhotoListProvider.swift; sourceTree = "<group>"; };
		967E2DE61FA0FFCC00DD7BDB /* FavoritePhotoListViewController.swift */ = {isa = PBXFileReference; lastKnownFileType = sourcecode.swift; path = FavoritePhotoListViewController.swift; sourceTree = "<group>"; };
		967E2DE81FA1014A00DD7BDB /* FavoritePhotoListViewController.storyboard */ = {isa = PBXFileReference; lastKnownFileType = file.storyboard; path = FavoritePhotoListViewController.storyboard; sourceTree = "<group>"; };
		96C1BFE21F9FB65800042028 /* SearchPhotoListViewController.storyboard */ = {isa = PBXFileReference; lastKnownFileType = file.storyboard; path = SearchPhotoListViewController.storyboard; sourceTree = "<group>"; };
		96C1BFE41F9FB70300042028 /* UIView+Style.swift */ = {isa = PBXFileReference; lastKnownFileType = sourcecode.swift; path = "UIView+Style.swift"; sourceTree = "<group>"; };
		96C1BFE61F9FBA8100042028 /* SVProgressHUD+kt.swift */ = {isa = PBXFileReference; lastKnownFileType = sourcecode.swift; path = "SVProgressHUD+kt.swift"; sourceTree = "<group>"; };
		96C82CE71FA0EC2A0088E679 /* SearchPhotoStatusLoading.swift */ = {isa = PBXFileReference; lastKnownFileType = sourcecode.swift; path = SearchPhotoStatusLoading.swift; sourceTree = "<group>"; };
		96C82CEA1FA0EDC70088E679 /* JigglyAnimatable.swift */ = {isa = PBXFileReference; lastKnownFileType = sourcecode.swift; path = JigglyAnimatable.swift; sourceTree = "<group>"; };
		96C82CEC1FA0F2570088E679 /* FavoritePhotoListIllegalCollectionViewCell.swift */ = {isa = PBXFileReference; lastKnownFileType = sourcecode.swift; path = FavoritePhotoListIllegalCollectionViewCell.swift; sourceTree = "<group>"; };
		B63B56760399FDF87331BA36 /* Pods-ios-photo-viewer-demo.debug.xcconfig */ = {isa = PBXFileReference; includeInIndex = 1; lastKnownFileType = text.xcconfig; name = "Pods-ios-photo-viewer-demo.debug.xcconfig"; path = "Pods/Target Support Files/Pods-ios-photo-viewer-demo/Pods-ios-photo-viewer-demo.debug.xcconfig"; sourceTree = "<group>"; };
		BAF9453603BBA2283CE444B4 /* Pods-ios-photo-viewer-demoTests.release.xcconfig */ = {isa = PBXFileReference; includeInIndex = 1; lastKnownFileType = text.xcconfig; name = "Pods-ios-photo-viewer-demoTests.release.xcconfig"; path = "Pods/Target Support Files/Pods-ios-photo-viewer-demoTests/Pods-ios-photo-viewer-demoTests.release.xcconfig"; sourceTree = "<group>"; };
/* End PBXFileReference section */

/* Begin PBXFrameworksBuildPhase section */
		9607C59F1F9CDAB700C857EA /* Frameworks */ = {
			isa = PBXFrameworksBuildPhase;
			buildActionMask = 2147483647;
			files = (
				FAA909F4EC7EC90686B59D69 /* Pods_ios_photo_viewer_demo.framework in Frameworks */,
			);
			runOnlyForDeploymentPostprocessing = 0;
		};
		9607C5B31F9CDAB700C857EA /* Frameworks */ = {
			isa = PBXFrameworksBuildPhase;
			buildActionMask = 2147483647;
			files = (
				3E0230692A54C676C14ED38D /* Pods_ios_photo_viewer_demoTests.framework in Frameworks */,
			);
			runOnlyForDeploymentPostprocessing = 0;
		};
/* End PBXFrameworksBuildPhase section */

/* Begin PBXGroup section */
		36A3FB688F4737FD004A7810 /* Frameworks */ = {
			isa = PBXGroup;
			children = (
				069A9DD619E733D9B32F4E70 /* Pods_ios_photo_viewer_demo.framework */,
				7F25CD722370A6FD3478F6FD /* Pods_ios_photo_viewer_demoTests.framework */,
			);
			name = Frameworks;
			sourceTree = "<group>";
		};
		9607C5991F9CDAB700C857EA = {
			isa = PBXGroup;
			children = (
				9607C5A41F9CDAB700C857EA /* ios-photo-viewer-demo */,
				9607C5B91F9CDAB700C857EA /* ios-photo-viewer-demoTests */,
				9607C5A31F9CDAB700C857EA /* Products */,
				BED8742EC18BD6B954FA3CB7 /* Pods */,
				36A3FB688F4737FD004A7810 /* Frameworks */,
			);
			sourceTree = "<group>";
		};
		9607C5A31F9CDAB700C857EA /* Products */ = {
			isa = PBXGroup;
			children = (
				9607C5A21F9CDAB700C857EA /* ios-photo-viewer-demo.app */,
				9607C5B61F9CDAB700C857EA /* ios-photo-viewer-demoTests.xctest */,
			);
			name = Products;
			sourceTree = "<group>";
		};
		9607C5A41F9CDAB700C857EA /* ios-photo-viewer-demo */ = {
			isa = PBXGroup;
			children = (
				9607C5C51F9CDBF300C857EA /* Controllers */,
				9607C5C61F9CDC0400C857EA /* Models */,
				9607C5C71F9CDC1400C857EA /* Views */,
				9607C5C91F9CDC3100C857EA /* Others */,
				9607C5CA1F9CDD8300C857EA /* Helpers */,
				9607C5C81F9CDC2600C857EA /* Extensions */,
				9607C5B11F9CDAB700C857EA /* Info.plist */,
			);
			path = "ios-photo-viewer-demo";
			sourceTree = "<group>";
		};
		9607C5B91F9CDAB700C857EA /* ios-photo-viewer-demoTests */ = {
			isa = PBXGroup;
			children = (
				9669E3851F9CEFE5002743FB /* Controllers */,
				9669E3841F9CEFDA002743FB /* Models */,
				9669E39D1F9CF6F1002743FB /* SearchPhoto */,
				9619238E1F9F6C0B003F2BF0 /* FavoritePhoto */,
				9669E3831F9CEFC5002743FB /* Views */,
				9607C5BA1F9CDAB700C857EA /* ios_photo_viewer_demoTests.swift */,
				9607C5BC1F9CDAB700C857EA /* Info.plist */,
				9669E3861F9CF07A002743FB /* flickr.json */,
			);
			path = "ios-photo-viewer-demoTests";
			sourceTree = "<group>";
		};
		9607C5C51F9CDBF300C857EA /* Controllers */ = {
			isa = PBXGroup;
			children = (
				964951ED1F9FAED6001C90B6 /* SearchPhoto */,
				967E2DE51FA0FFB000DD7BDB /* FavoritePhoto */,
			);
			path = Controllers;
			sourceTree = "<group>";
		};
		9607C5C61F9CDC0400C857EA /* Models */ = {
			isa = PBXGroup;
			children = (
				9607C5DB1F9CE78900C857EA /* Common */,
				9607C5DC1F9CE7A100C857EA /* SearchPhoto */,
				9607C5DD1F9CE7BD00C857EA /* FavoritePhoto */,
			);
			path = Models;
			sourceTree = "<group>";
		};
		9607C5C71F9CDC1400C857EA /* Views */ = {
			isa = PBXGroup;
			children = (
				96C82CE91FA0ED9D0088E679 /* Common */,
				961923931F9F8887003F2BF0 /* SearchPhoto */,
				961923971F9F8F1D003F2BF0 /* FavoritePhoto */,
			);
			path = Views;
			sourceTree = "<group>";
		};
		9607C5C81F9CDC2600C857EA /* Extensions */ = {
			isa = PBXGroup;
			children = (
				9607C5D51F9CE62D00C857EA /* NSObject+ClassName.swift */,
				9607C5D71F9CE66100C857EA /* Error+NSError.swift */,
				9607C5D91F9CE6B300C857EA /* UIStoryboard+Instance.swift */,
				966F0EF81F9E5A7E007470A2 /* Date+JP.swift */,
				961923A21F9FA07D003F2BF0 /* String+Localized.swift */,
				964951E71F9FA943001C90B6 /* UIScrollView+Scroll.swift */,
				96C1BFE41F9FB70300042028 /* UIView+Style.swift */,
				96C1BFE61F9FBA8100042028 /* SVProgressHUD+kt.swift */,
			);
			path = Extensions;
			sourceTree = "<group>";
		};
		9607C5C91F9CDC3100C857EA /* Others */ = {
			isa = PBXGroup;
			children = (
				9607C5A51F9CDAB700C857EA /* AppDelegate.swift */,
				9607C5CE1F9CE10E00C857EA /* Constants.swift */,
				9607C5AC1F9CDAB700C857EA /* Assets.xcassets */,
				9607C5AE1F9CDAB700C857EA /* LaunchScreen.storyboard */,
				9607C5CC1F9CE0F000C857EA /* Localizable.strings */,
			);
			path = Others;
			sourceTree = "<group>";
		};
		9607C5CA1F9CDD8300C857EA /* Helpers */ = {
			isa = PBXGroup;
			children = (
				966F0EF11F9E524E007470A2 /* DB */,
				9607C5CB1F9CDDA400C857EA /* APIClient */,
			);
			path = Helpers;
			sourceTree = "<group>";
		};
		9607C5CB1F9CDDA400C857EA /* APIClient */ = {
			isa = PBXGroup;
			children = (
				9607C5D01F9CE34400C857EA /* APIClient.swift */,
				9607C5D11F9CE39E00C857EA /* NetworkManager.swift */,
				9607C5D31F9CE3E600C857EA /* Router.swift */,
			);
			path = APIClient;
			sourceTree = "<group>";
		};
		9607C5DB1F9CE78900C857EA /* Common */ = {
			isa = PBXGroup;
			children = (
				9607C5E71F9CE89E00C857EA /* FlickrBaseParamsBuilder.swift */,
			);
			path = Common;
			sourceTree = "<group>";
		};
		9607C5DC1F9CE7A100C857EA /* SearchPhoto */ = {
			isa = PBXGroup;
			children = (
				9607C5DE1F9CE7FA00C857EA /* API */,
				9607C5DF1F9CE7FF00C857EA /* Response */,
			);
			path = SearchPhoto;
			sourceTree = "<group>";
		};
		9607C5DD1F9CE7BD00C857EA /* FavoritePhoto */ = {
			isa = PBXGroup;
			children = (
				966F0EF41F9E52F9007470A2 /* FavoritePhoto.swift */,
				966F0EF61F9E5895007470A2 /* FavoritePhotoDao.swift */,
			);
			path = FavoritePhoto;
			sourceTree = "<group>";
		};
		9607C5DE1F9CE7FA00C857EA /* API */ = {
			isa = PBXGroup;
			children = (
				9607C5E91F9CE8D600C857EA /* PhotoImageURLBuilder.swift */,
				9669E3801F9CEBCC002743FB /* SearchPhotoParamsBuilder.swift */,
				964951DB1F9FA251001C90B6 /* SearchPhotoStatus.swift */,
				9607C5EB1F9CE93400C857EA /* SearchPhotoAPI.swift */,
			);
			path = API;
			sourceTree = "<group>";
		};
		9607C5DF1F9CE7FF00C857EA /* Response */ = {
			isa = PBXGroup;
			children = (
				9607C5E11F9CE82700C857EA /* Photo.swift */,
				9607C5E31F9CE84A00C857EA /* Photos.swift */,
				9607C5E51F9CE86300C857EA /* SearchPhotoResult.swift */,
			);
			path = Response;
			sourceTree = "<group>";
		};
		9619238E1F9F6C0B003F2BF0 /* FavoritePhoto */ = {
			isa = PBXGroup;
			children = (
				9619238F1F9F6C40003F2BF0 /* FavoritePhotoTests.swift */,
				961923911F9F7289003F2BF0 /* FavoritePhotoDaoTests.swift */,
			);
			path = FavoritePhoto;
			sourceTree = "<group>";
		};
		961923931F9F8887003F2BF0 /* SearchPhoto */ = {
			isa = PBXGroup;
			children = (
				961923941F9F889E003F2BF0 /* Cell */,
				9619239D1F9F9B7D003F2BF0 /* Status */,
				9619239B1F9F9290003F2BF0 /* SearchPhotoListProvider.swift */,
			);
			path = SearchPhoto;
			sourceTree = "<group>";
		};
		961923941F9F889E003F2BF0 /* Cell */ = {
			isa = PBXGroup;
			children = (
				961923951F9F8918003F2BF0 /* SearchPhotoListCollectionViewCell.swift */,
				964951E91F9FAA3A001C90B6 /* SearchPhotoListIllegalCollectionViewCell.swift */,
			);
			path = Cell;
			sourceTree = "<group>";
		};
		961923971F9F8F1D003F2BF0 /* FavoritePhoto */ = {
			isa = PBXGroup;
			children = (
				961923981F9F8F39003F2BF0 /* Cell */,
				967E2DE31FA0F84400DD7BDB /* FavoritePhotoListProvider.swift */,
			);
			path = FavoritePhoto;
			sourceTree = "<group>";
		};
		961923981F9F8F39003F2BF0 /* Cell */ = {
			isa = PBXGroup;
			children = (
				961923991F9F8F8A003F2BF0 /* FavoritePhotoListCollectionViewCell.swift */,
				96C82CEC1FA0F2570088E679 /* FavoritePhotoListIllegalCollectionViewCell.swift */,
			);
			path = Cell;
			sourceTree = "<group>";
		};
		9619239D1F9F9B7D003F2BF0 /* Status */ = {
			isa = PBXGroup;
			children = (
				964951EB1F9FAB4B001C90B6 /* SearchPhotoStatusFactory.swift */,
				961923A01F9F9CC9003F2BF0 /* SearchPhotoStatusType.swift */,
				964951E51F9FA60B001C90B6 /* SearchPhotoStatusLoaded.swift */,
				964951DD1F9FA2AD001C90B6 /* SearchPhotoStatusError.swift */,
				964951DF1F9FA3B0001C90B6 /* SearchPhotoStatusNoData.swift */,
				964951E11F9FA49A001C90B6 /* SearchPhotoStatusNone.swift */,
				964951E31F9FA500001C90B6 /* SearchPhotoStatusOffLine.swift */,
				96C82CE71FA0EC2A0088E679 /* SearchPhotoStatusLoading.swift */,
			);
			path = Status;
			sourceTree = "<group>";
		};
		964951ED1F9FAED6001C90B6 /* SearchPhoto */ = {
			isa = PBXGroup;
			children = (
				964951EE1F9FAF00001C90B6 /* SearchPhotoListViewController.swift */,
				96C1BFE21F9FB65800042028 /* SearchPhotoListViewController.storyboard */,
			);
			path = SearchPhoto;
			sourceTree = "<group>";
		};
		9669E3831F9CEFC5002743FB /* Views */ = {
			isa = PBXGroup;
			children = (
			);
			path = Views;
			sourceTree = "<group>";
		};
		9669E3841F9CEFDA002743FB /* Models */ = {
			isa = PBXGroup;
			children = (
				9669E3921F9CF315002743FB /* FlickrBaseParamsBuilderTests.swift */,
			);
			path = Models;
			sourceTree = "<group>";
		};
		9669E3851F9CEFE5002743FB /* Controllers */ = {
			isa = PBXGroup;
			children = (
			);
			path = Controllers;
			sourceTree = "<group>";
		};
		9669E38A1F9CF246002743FB /* Response */ = {
			isa = PBXGroup;
			children = (
				9669E38C1F9CF263002743FB /* SearchPhotoResultTests.swift */,
				9669E38E1F9CF2C6002743FB /* PhotoTests.swift */,
				9669E3901F9CF2EE002743FB /* PhotosTests.swift */,
			);
			path = Response;
			sourceTree = "<group>";
		};
		9669E38B1F9CF24A002743FB /* API */ = {
			isa = PBXGroup;
			children = (
				9669E3941F9CF338002743FB /* PhotoImageURLBuilderTests.swift */,
				9669E3961F9CF35F002743FB /* SearchPhotoAPITests.swift */,
				9669E3981F9CF45D002743FB /* SearchPhotoParamsBuilderTests.swift */,
			);
			path = API;
			sourceTree = "<group>";
		};
		9669E39A1F9CF53F002743FB /* Moc */ = {
			isa = PBXGroup;
			children = (
				9669E3881F9CF094002743FB /* MocPhotoList.swift */,
				9669E39B1F9CF56D002743FB /* SpyPhotoSearchLoadable.swift */,
			);
			path = Moc;
			sourceTree = "<group>";
		};
		9669E39D1F9CF6F1002743FB /* SearchPhoto */ = {
			isa = PBXGroup;
			children = (
				9669E39A1F9CF53F002743FB /* Moc */,
				9669E38B1F9CF24A002743FB /* API */,
				9669E38A1F9CF246002743FB /* Response */,
			);
			path = SearchPhoto;
			sourceTree = "<group>";
		};
		966F0EF11F9E524E007470A2 /* DB */ = {
			isa = PBXGroup;
			children = (
				966F0EF21F9E526C007470A2 /* RealmDaoHelper.swift */,
			);
			path = DB;
			sourceTree = "<group>";
		};
		967E2DE51FA0FFB000DD7BDB /* FavoritePhoto */ = {
			isa = PBXGroup;
			children = (
				967E2DE61FA0FFCC00DD7BDB /* FavoritePhotoListViewController.swift */,
				967E2DE81FA1014A00DD7BDB /* FavoritePhotoListViewController.storyboard */,
			);
			path = FavoritePhoto;
			sourceTree = "<group>";
		};
		96C82CE91FA0ED9D0088E679 /* Common */ = {
			isa = PBXGroup;
			children = (
				96C82CEA1FA0EDC70088E679 /* JigglyAnimatable.swift */,
			);
			path = Common;
			sourceTree = "<group>";
		};
		BED8742EC18BD6B954FA3CB7 /* Pods */ = {
			isa = PBXGroup;
			children = (
				B63B56760399FDF87331BA36 /* Pods-ios-photo-viewer-demo.debug.xcconfig */,
				25AA35D47565AB931BAA8245 /* Pods-ios-photo-viewer-demo.release.xcconfig */,
				3A7DF3AA5406FE167C49BEEF /* Pods-ios-photo-viewer-demoTests.debug.xcconfig */,
				BAF9453603BBA2283CE444B4 /* Pods-ios-photo-viewer-demoTests.release.xcconfig */,
			);
			name = Pods;
			sourceTree = "<group>";
		};
/* End PBXGroup section */

/* Begin PBXNativeTarget section */
		9607C5A11F9CDAB700C857EA /* ios-photo-viewer-demo */ = {
			isa = PBXNativeTarget;
			buildConfigurationList = 9607C5BF1F9CDAB700C857EA /* Build configuration list for PBXNativeTarget "ios-photo-viewer-demo" */;
			buildPhases = (
				9E99298225753469E3A4962C /* [CP] Check Pods Manifest.lock */,
				9607C59E1F9CDAB700C857EA /* Sources */,
				9607C59F1F9CDAB700C857EA /* Frameworks */,
				9607C5A01F9CDAB700C857EA /* Resources */,
				1403D4A22126E874BF1FCB61 /* [CP] Embed Pods Frameworks */,
				CA41CE6FC9F8D6B2F3E3EC57 /* [CP] Copy Pods Resources */,
			);
			buildRules = (
			);
			dependencies = (
			);
			name = "ios-photo-viewer-demo";
			productName = "ios-photo-viewer-demo";
			productReference = 9607C5A21F9CDAB700C857EA /* ios-photo-viewer-demo.app */;
			productType = "com.apple.product-type.application";
		};
		9607C5B51F9CDAB700C857EA /* ios-photo-viewer-demoTests */ = {
			isa = PBXNativeTarget;
			buildConfigurationList = 9607C5C21F9CDAB700C857EA /* Build configuration list for PBXNativeTarget "ios-photo-viewer-demoTests" */;
			buildPhases = (
				A9300A51F32A7B41065BDC38 /* [CP] Check Pods Manifest.lock */,
				9607C5B21F9CDAB700C857EA /* Sources */,
				9607C5B31F9CDAB700C857EA /* Frameworks */,
				9607C5B41F9CDAB700C857EA /* Resources */,
				4339445EF3A11FB677E5C64A /* [CP] Embed Pods Frameworks */,
				41D0891D447F414A0DC41A02 /* [CP] Copy Pods Resources */,
			);
			buildRules = (
			);
			dependencies = (
				9607C5B81F9CDAB700C857EA /* PBXTargetDependency */,
			);
			name = "ios-photo-viewer-demoTests";
			productName = "ios-photo-viewer-demoTests";
			productReference = 9607C5B61F9CDAB700C857EA /* ios-photo-viewer-demoTests.xctest */;
			productType = "com.apple.product-type.bundle.unit-test";
		};
/* End PBXNativeTarget section */

/* Begin PBXProject section */
		9607C59A1F9CDAB700C857EA /* Project object */ = {
			isa = PBXProject;
			attributes = {
				LastSwiftUpdateCheck = 0900;
				LastUpgradeCheck = 0900;
				ORGANIZATIONNAME = "Kentao Taguchi";
				TargetAttributes = {
					9607C5A11F9CDAB700C857EA = {
						CreatedOnToolsVersion = 9.0;
						ProvisioningStyle = Automatic;
					};
					9607C5B51F9CDAB700C857EA = {
						CreatedOnToolsVersion = 9.0;
						ProvisioningStyle = Automatic;
						TestTargetID = 9607C5A11F9CDAB700C857EA;
					};
				};
			};
			buildConfigurationList = 9607C59D1F9CDAB700C857EA /* Build configuration list for PBXProject "ios-photo-viewer-demo" */;
			compatibilityVersion = "Xcode 8.0";
			developmentRegion = en;
			hasScannedForEncodings = 0;
			knownRegions = (
				en,
				Base,
			);
			mainGroup = 9607C5991F9CDAB700C857EA;
			productRefGroup = 9607C5A31F9CDAB700C857EA /* Products */;
			projectDirPath = "";
			projectRoot = "";
			targets = (
				9607C5A11F9CDAB700C857EA /* ios-photo-viewer-demo */,
				9607C5B51F9CDAB700C857EA /* ios-photo-viewer-demoTests */,
			);
		};
/* End PBXProject section */

/* Begin PBXResourcesBuildPhase section */
		9607C5A01F9CDAB700C857EA /* Resources */ = {
			isa = PBXResourcesBuildPhase;
			buildActionMask = 2147483647;
			files = (
				9607C5B01F9CDAB700C857EA /* LaunchScreen.storyboard in Resources */,
				9607C5CD1F9CE0F000C857EA /* Localizable.strings in Resources */,
				967E2DE91FA1014A00DD7BDB /* FavoritePhotoListViewController.storyboard in Resources */,
				9607C5AD1F9CDAB700C857EA /* Assets.xcassets in Resources */,
				96C1BFE31F9FB65800042028 /* SearchPhotoListViewController.storyboard in Resources */,
			);
			runOnlyForDeploymentPostprocessing = 0;
		};
		9607C5B41F9CDAB700C857EA /* Resources */ = {
			isa = PBXResourcesBuildPhase;
			buildActionMask = 2147483647;
			files = (
				9669E3871F9CF07A002743FB /* flickr.json in Resources */,
			);
			runOnlyForDeploymentPostprocessing = 0;
		};
/* End PBXResourcesBuildPhase section */

/* Begin PBXShellScriptBuildPhase section */
		1403D4A22126E874BF1FCB61 /* [CP] Embed Pods Frameworks */ = {
			isa = PBXShellScriptBuildPhase;
			buildActionMask = 2147483647;
			files = (
			);
			inputPaths = (
			);
			name = "[CP] Embed Pods Frameworks";
			outputPaths = (
			);
			runOnlyForDeploymentPostprocessing = 0;
			shellPath = /bin/sh;
			shellScript = "\"${SRCROOT}/Pods/Target Support Files/Pods-ios-photo-viewer-demo/Pods-ios-photo-viewer-demo-frameworks.sh\"\n";
			showEnvVarsInLog = 0;
		};
		41D0891D447F414A0DC41A02 /* [CP] Copy Pods Resources */ = {
			isa = PBXShellScriptBuildPhase;
			buildActionMask = 2147483647;
			files = (
			);
			inputPaths = (
			);
			name = "[CP] Copy Pods Resources";
			outputPaths = (
			);
			runOnlyForDeploymentPostprocessing = 0;
			shellPath = /bin/sh;
			shellScript = "\"${SRCROOT}/Pods/Target Support Files/Pods-ios-photo-viewer-demoTests/Pods-ios-photo-viewer-demoTests-resources.sh\"\n";
			showEnvVarsInLog = 0;
		};
		4339445EF3A11FB677E5C64A /* [CP] Embed Pods Frameworks */ = {
			isa = PBXShellScriptBuildPhase;
			buildActionMask = 2147483647;
			files = (
			);
			inputPaths = (
			);
			name = "[CP] Embed Pods Frameworks";
			outputPaths = (
			);
			runOnlyForDeploymentPostprocessing = 0;
			shellPath = /bin/sh;
			shellScript = "\"${SRCROOT}/Pods/Target Support Files/Pods-ios-photo-viewer-demoTests/Pods-ios-photo-viewer-demoTests-frameworks.sh\"\n";
			showEnvVarsInLog = 0;
		};
		9E99298225753469E3A4962C /* [CP] Check Pods Manifest.lock */ = {
			isa = PBXShellScriptBuildPhase;
			buildActionMask = 2147483647;
			files = (
			);
			inputPaths = (
			);
			name = "[CP] Check Pods Manifest.lock";
			outputPaths = (
			);
			runOnlyForDeploymentPostprocessing = 0;
			shellPath = /bin/sh;
			shellScript = "diff \"${PODS_PODFILE_DIR_PATH}/Podfile.lock\" \"${PODS_ROOT}/Manifest.lock\" > /dev/null\nif [ $? != 0 ] ; then\n    # print error to STDERR\n    echo \"error: The sandbox is not in sync with the Podfile.lock. Run 'pod install' or update your CocoaPods installation.\" >&2\n    exit 1\nfi\n";
			showEnvVarsInLog = 0;
		};
		A9300A51F32A7B41065BDC38 /* [CP] Check Pods Manifest.lock */ = {
			isa = PBXShellScriptBuildPhase;
			buildActionMask = 2147483647;
			files = (
			);
			inputPaths = (
			);
			name = "[CP] Check Pods Manifest.lock";
			outputPaths = (
			);
			runOnlyForDeploymentPostprocessing = 0;
			shellPath = /bin/sh;
			shellScript = "diff \"${PODS_PODFILE_DIR_PATH}/Podfile.lock\" \"${PODS_ROOT}/Manifest.lock\" > /dev/null\nif [ $? != 0 ] ; then\n    # print error to STDERR\n    echo \"error: The sandbox is not in sync with the Podfile.lock. Run 'pod install' or update your CocoaPods installation.\" >&2\n    exit 1\nfi\n";
			showEnvVarsInLog = 0;
		};
		CA41CE6FC9F8D6B2F3E3EC57 /* [CP] Copy Pods Resources */ = {
			isa = PBXShellScriptBuildPhase;
			buildActionMask = 2147483647;
			files = (
			);
			inputPaths = (
			);
			name = "[CP] Copy Pods Resources";
			outputPaths = (
			);
			runOnlyForDeploymentPostprocessing = 0;
			shellPath = /bin/sh;
			shellScript = "\"${SRCROOT}/Pods/Target Support Files/Pods-ios-photo-viewer-demo/Pods-ios-photo-viewer-demo-resources.sh\"\n";
			showEnvVarsInLog = 0;
		};
/* End PBXShellScriptBuildPhase section */

/* Begin PBXSourcesBuildPhase section */
		9607C59E1F9CDAB700C857EA /* Sources */ = {
			isa = PBXSourcesBuildPhase;
			buildActionMask = 2147483647;
			files = (
				9607C5E61F9CE86300C857EA /* SearchPhotoResult.swift in Sources */,
				9607C5D21F9CE39E00C857EA /* NetworkManager.swift in Sources */,
				964951EA1F9FAA3A001C90B6 /* SearchPhotoListIllegalCollectionViewCell.swift in Sources */,
				966F0EF31F9E526C007470A2 /* RealmDaoHelper.swift in Sources */,
				9607C5D61F9CE62D00C857EA /* NSObject+ClassName.swift in Sources */,
				964951EC1F9FAB4B001C90B6 /* SearchPhotoStatusFactory.swift in Sources */,
				9669E3821F9CEC75002743FB /* APIClient.swift in Sources */,
				9607C5EC1F9CE93400C857EA /* SearchPhotoAPI.swift in Sources */,
				9619239C1F9F9290003F2BF0 /* SearchPhotoListProvider.swift in Sources */,
				964951E01F9FA3B0001C90B6 /* SearchPhotoStatusNoData.swift in Sources */,
				966F0EF51F9E52F9007470A2 /* FavoritePhoto.swift in Sources */,
				9607C5D81F9CE66100C857EA /* Error+NSError.swift in Sources */,
				967E2DE71FA0FFCC00DD7BDB /* FavoritePhotoListViewController.swift in Sources */,
				96C82CE81FA0EC2A0088E679 /* SearchPhotoStatusLoading.swift in Sources */,
				9607C5E21F9CE82700C857EA /* Photo.swift in Sources */,
				9619239A1F9F8F8A003F2BF0 /* FavoritePhotoListCollectionViewCell.swift in Sources */,
				9607C5E81F9CE89E00C857EA /* FlickrBaseParamsBuilder.swift in Sources */,
				966F0EF71F9E5895007470A2 /* FavoritePhotoDao.swift in Sources */,
				966F0EF91F9E5A7E007470A2 /* Date+JP.swift in Sources */,
				961923A31F9FA07D003F2BF0 /* String+Localized.swift in Sources */,
				967E2DE41FA0F84400DD7BDB /* FavoritePhotoListProvider.swift in Sources */,
				96C1BFE51F9FB70300042028 /* UIView+Style.swift in Sources */,
				964951EF1F9FAF00001C90B6 /* SearchPhotoListViewController.swift in Sources */,
				96C82CEB1FA0EDC70088E679 /* JigglyAnimatable.swift in Sources */,
				964951E41F9FA500001C90B6 /* SearchPhotoStatusOffLine.swift in Sources */,
				964951E21F9FA49A001C90B6 /* SearchPhotoStatusNone.swift in Sources */,
				9607C5D41F9CE3E600C857EA /* Router.swift in Sources */,
				9669E3811F9CEBCC002743FB /* SearchPhotoParamsBuilder.swift in Sources */,
				964951E61F9FA60B001C90B6 /* SearchPhotoStatusLoaded.swift in Sources */,
				964951E81F9FA943001C90B6 /* UIScrollView+Scroll.swift in Sources */,
				96C82CED1FA0F2570088E679 /* FavoritePhotoListIllegalCollectionViewCell.swift in Sources */,
				96C1BFE71F9FBA8100042028 /* SVProgressHUD+kt.swift in Sources */,
				9607C5DA1F9CE6B300C857EA /* UIStoryboard+Instance.swift in Sources */,
				9607C5A61F9CDAB700C857EA /* AppDelegate.swift in Sources */,
				9607C5E41F9CE84A00C857EA /* Photos.swift in Sources */,
				961923A11F9F9CC9003F2BF0 /* SearchPhotoStatusType.swift in Sources */,
				964951DC1F9FA251001C90B6 /* SearchPhotoStatus.swift in Sources */,
				9607C5EA1F9CE8D600C857EA /* PhotoImageURLBuilder.swift in Sources */,
				964951DE1F9FA2AD001C90B6 /* SearchPhotoStatusError.swift in Sources */,
				9607C5CF1F9CE10E00C857EA /* Constants.swift in Sources */,
				961923961F9F8918003F2BF0 /* SearchPhotoListCollectionViewCell.swift in Sources */,
			);
			runOnlyForDeploymentPostprocessing = 0;
		};
		9607C5B21F9CDAB700C857EA /* Sources */ = {
			isa = PBXSourcesBuildPhase;
			buildActionMask = 2147483647;
			files = (
				9669E3951F9CF338002743FB /* PhotoImageURLBuilderTests.swift in Sources */,
				9669E3971F9CF35F002743FB /* SearchPhotoAPITests.swift in Sources */,
				9669E3911F9CF2EE002743FB /* PhotosTests.swift in Sources */,
				9669E3991F9CF45D002743FB /* SearchPhotoParamsBuilderTests.swift in Sources */,
				9669E38F1F9CF2C6002743FB /* PhotoTests.swift in Sources */,
				961923901F9F6C40003F2BF0 /* FavoritePhotoTests.swift in Sources */,
				9669E39C1F9CF56D002743FB /* SpyPhotoSearchLoadable.swift in Sources */,
				961923921F9F7289003F2BF0 /* FavoritePhotoDaoTests.swift in Sources */,
				9669E3891F9CF094002743FB /* MocPhotoList.swift in Sources */,
				9669E3931F9CF315002743FB /* FlickrBaseParamsBuilderTests.swift in Sources */,
				9669E38D1F9CF263002743FB /* SearchPhotoResultTests.swift in Sources */,
				9607C5BB1F9CDAB700C857EA /* ios_photo_viewer_demoTests.swift in Sources */,
			);
			runOnlyForDeploymentPostprocessing = 0;
		};
/* End PBXSourcesBuildPhase section */

/* Begin PBXTargetDependency section */
		9607C5B81F9CDAB700C857EA /* PBXTargetDependency */ = {
			isa = PBXTargetDependency;
			target = 9607C5A11F9CDAB700C857EA /* ios-photo-viewer-demo */;
			targetProxy = 9607C5B71F9CDAB700C857EA /* PBXContainerItemProxy */;
		};
/* End PBXTargetDependency section */

/* Begin PBXVariantGroup section */
		9607C5AE1F9CDAB700C857EA /* LaunchScreen.storyboard */ = {
			isa = PBXVariantGroup;
			children = (
				9607C5AF1F9CDAB700C857EA /* Base */,
			);
			name = LaunchScreen.storyboard;
			sourceTree = "<group>";
		};
/* End PBXVariantGroup section */

/* Begin XCBuildConfiguration section */
		9607C5BD1F9CDAB700C857EA /* Debug */ = {
			isa = XCBuildConfiguration;
			buildSettings = {
				ALWAYS_SEARCH_USER_PATHS = NO;
				CLANG_ANALYZER_NONNULL = YES;
				CLANG_ANALYZER_NUMBER_OBJECT_CONVERSION = YES_AGGRESSIVE;
				CLANG_CXX_LANGUAGE_STANDARD = "gnu++14";
				CLANG_CXX_LIBRARY = "libc++";
				CLANG_ENABLE_MODULES = YES;
				CLANG_ENABLE_OBJC_ARC = YES;
				CLANG_WARN_BLOCK_CAPTURE_AUTORELEASING = YES;
				CLANG_WARN_BOOL_CONVERSION = YES;
				CLANG_WARN_COMMA = YES;
				CLANG_WARN_CONSTANT_CONVERSION = YES;
				CLANG_WARN_DIRECT_OBJC_ISA_USAGE = YES_ERROR;
				CLANG_WARN_DOCUMENTATION_COMMENTS = YES;
				CLANG_WARN_EMPTY_BODY = YES;
				CLANG_WARN_ENUM_CONVERSION = YES;
				CLANG_WARN_INFINITE_RECURSION = YES;
				CLANG_WARN_INT_CONVERSION = YES;
				CLANG_WARN_NON_LITERAL_NULL_CONVERSION = YES;
				CLANG_WARN_OBJC_LITERAL_CONVERSION = YES;
				CLANG_WARN_OBJC_ROOT_CLASS = YES_ERROR;
				CLANG_WARN_RANGE_LOOP_ANALYSIS = YES;
				CLANG_WARN_STRICT_PROTOTYPES = YES;
				CLANG_WARN_SUSPICIOUS_MOVE = YES;
				CLANG_WARN_UNGUARDED_AVAILABILITY = YES_AGGRESSIVE;
				CLANG_WARN_UNREACHABLE_CODE = YES;
				CLANG_WARN__DUPLICATE_METHOD_MATCH = YES;
				CODE_SIGN_IDENTITY = "iPhone Developer";
				COPY_PHASE_STRIP = NO;
				DEBUG_INFORMATION_FORMAT = dwarf;
				ENABLE_STRICT_OBJC_MSGSEND = YES;
				ENABLE_TESTABILITY = YES;
				GCC_C_LANGUAGE_STANDARD = gnu11;
				GCC_DYNAMIC_NO_PIC = NO;
				GCC_NO_COMMON_BLOCKS = YES;
				GCC_OPTIMIZATION_LEVEL = 0;
				GCC_PREPROCESSOR_DEFINITIONS = (
					"DEBUG=1",
					"$(inherited)",
				);
				GCC_WARN_64_TO_32_BIT_CONVERSION = YES;
				GCC_WARN_ABOUT_RETURN_TYPE = YES_ERROR;
				GCC_WARN_UNDECLARED_SELECTOR = YES;
				GCC_WARN_UNINITIALIZED_AUTOS = YES_AGGRESSIVE;
				GCC_WARN_UNUSED_FUNCTION = YES;
				GCC_WARN_UNUSED_VARIABLE = YES;
				IPHONEOS_DEPLOYMENT_TARGET = 11.0;
				MTL_ENABLE_DEBUG_INFO = YES;
				ONLY_ACTIVE_ARCH = YES;
				SDKROOT = iphoneos;
				SWIFT_ACTIVE_COMPILATION_CONDITIONS = DEBUG;
				SWIFT_OPTIMIZATION_LEVEL = "-Onone";
			};
			name = Debug;
		};
		9607C5BE1F9CDAB700C857EA /* Release */ = {
			isa = XCBuildConfiguration;
			buildSettings = {
				ALWAYS_SEARCH_USER_PATHS = NO;
				CLANG_ANALYZER_NONNULL = YES;
				CLANG_ANALYZER_NUMBER_OBJECT_CONVERSION = YES_AGGRESSIVE;
				CLANG_CXX_LANGUAGE_STANDARD = "gnu++14";
				CLANG_CXX_LIBRARY = "libc++";
				CLANG_ENABLE_MODULES = YES;
				CLANG_ENABLE_OBJC_ARC = YES;
				CLANG_WARN_BLOCK_CAPTURE_AUTORELEASING = YES;
				CLANG_WARN_BOOL_CONVERSION = YES;
				CLANG_WARN_COMMA = YES;
				CLANG_WARN_CONSTANT_CONVERSION = YES;
				CLANG_WARN_DIRECT_OBJC_ISA_USAGE = YES_ERROR;
				CLANG_WARN_DOCUMENTATION_COMMENTS = YES;
				CLANG_WARN_EMPTY_BODY = YES;
				CLANG_WARN_ENUM_CONVERSION = YES;
				CLANG_WARN_INFINITE_RECURSION = YES;
				CLANG_WARN_INT_CONVERSION = YES;
				CLANG_WARN_NON_LITERAL_NULL_CONVERSION = YES;
				CLANG_WARN_OBJC_LITERAL_CONVERSION = YES;
				CLANG_WARN_OBJC_ROOT_CLASS = YES_ERROR;
				CLANG_WARN_RANGE_LOOP_ANALYSIS = YES;
				CLANG_WARN_STRICT_PROTOTYPES = YES;
				CLANG_WARN_SUSPICIOUS_MOVE = YES;
				CLANG_WARN_UNGUARDED_AVAILABILITY = YES_AGGRESSIVE;
				CLANG_WARN_UNREACHABLE_CODE = YES;
				CLANG_WARN__DUPLICATE_METHOD_MATCH = YES;
				CODE_SIGN_IDENTITY = "iPhone Developer";
				COPY_PHASE_STRIP = NO;
				DEBUG_INFORMATION_FORMAT = "dwarf-with-dsym";
				ENABLE_NS_ASSERTIONS = NO;
				ENABLE_STRICT_OBJC_MSGSEND = YES;
				GCC_C_LANGUAGE_STANDARD = gnu11;
				GCC_NO_COMMON_BLOCKS = YES;
				GCC_WARN_64_TO_32_BIT_CONVERSION = YES;
				GCC_WARN_ABOUT_RETURN_TYPE = YES_ERROR;
				GCC_WARN_UNDECLARED_SELECTOR = YES;
				GCC_WARN_UNINITIALIZED_AUTOS = YES_AGGRESSIVE;
				GCC_WARN_UNUSED_FUNCTION = YES;
				GCC_WARN_UNUSED_VARIABLE = YES;
				IPHONEOS_DEPLOYMENT_TARGET = 11.0;
				MTL_ENABLE_DEBUG_INFO = NO;
				SDKROOT = iphoneos;
				SWIFT_OPTIMIZATION_LEVEL = "-Owholemodule";
				VALIDATE_PRODUCT = YES;
			};
			name = Release;
		};
		9607C5C01F9CDAB700C857EA /* Debug */ = {
			isa = XCBuildConfiguration;
			baseConfigurationReference = B63B56760399FDF87331BA36 /* Pods-ios-photo-viewer-demo.debug.xcconfig */;
			buildSettings = {
				ASSETCATALOG_COMPILER_APPICON_NAME = AppIcon;
				CODE_SIGN_STYLE = Automatic;
				DEVELOPMENT_TEAM = 5Q99YHA359;
				INFOPLIST_FILE = "ios-photo-viewer-demo/Info.plist";
				IPHONEOS_DEPLOYMENT_TARGET = 9.0;
				LD_RUNPATH_SEARCH_PATHS = "$(inherited) @executable_path/Frameworks";
				PRODUCT_BUNDLE_IDENTIFIER = "jp.taguchi-k.ios-photo-viewer-demo";
				PRODUCT_NAME = "$(TARGET_NAME)";
				SWIFT_VERSION = 3.0;
				TARGETED_DEVICE_FAMILY = "1,2";
			};
			name = Debug;
		};
		9607C5C11F9CDAB700C857EA /* Release */ = {
			isa = XCBuildConfiguration;
			baseConfigurationReference = 25AA35D47565AB931BAA8245 /* Pods-ios-photo-viewer-demo.release.xcconfig */;
			buildSettings = {
				ASSETCATALOG_COMPILER_APPICON_NAME = AppIcon;
				CODE_SIGN_STYLE = Automatic;
				DEVELOPMENT_TEAM = 5Q99YHA359;
				INFOPLIST_FILE = "ios-photo-viewer-demo/Info.plist";
				IPHONEOS_DEPLOYMENT_TARGET = 9.0;
				LD_RUNPATH_SEARCH_PATHS = "$(inherited) @executable_path/Frameworks";
				PRODUCT_BUNDLE_IDENTIFIER = "jp.taguchi-k.ios-photo-viewer-demo";
				PRODUCT_NAME = "$(TARGET_NAME)";
				SWIFT_VERSION = 3.0;
				TARGETED_DEVICE_FAMILY = "1,2";
			};
			name = Release;
		};
		9607C5C31F9CDAB700C857EA /* Debug */ = {
			isa = XCBuildConfiguration;
			baseConfigurationReference = 3A7DF3AA5406FE167C49BEEF /* Pods-ios-photo-viewer-demoTests.debug.xcconfig */;
			buildSettings = {
				ALWAYS_EMBED_SWIFT_STANDARD_LIBRARIES = YES;
				BUNDLE_LOADER = "$(TEST_HOST)";
				CODE_SIGN_STYLE = Automatic;
				DEVELOPMENT_TEAM = 5Q99YHA359;
				INFOPLIST_FILE = "ios-photo-viewer-demoTests/Info.plist";
				LD_RUNPATH_SEARCH_PATHS = "$(inherited) @executable_path/Frameworks @loader_path/Frameworks";
				PRODUCT_BUNDLE_IDENTIFIER = "jp.taguchi-k.ios-photo-viewer-demoTests";
				PRODUCT_NAME = "$(TARGET_NAME)";
				SWIFT_VERSION = 4.0;
				TARGETED_DEVICE_FAMILY = "1,2";
				TEST_HOST = "$(BUILT_PRODUCTS_DIR)/ios-photo-viewer-demo.app/ios-photo-viewer-demo";
			};
			name = Debug;
		};
		9607C5C41F9CDAB700C857EA /* Release */ = {
			isa = XCBuildConfiguration;
			baseConfigurationReference = BAF9453603BBA2283CE444B4 /* Pods-ios-photo-viewer-demoTests.release.xcconfig */;
			buildSettings = {
				ALWAYS_EMBED_SWIFT_STANDARD_LIBRARIES = YES;
				BUNDLE_LOADER = "$(TEST_HOST)";
				CODE_SIGN_STYLE = Automatic;
				DEVELOPMENT_TEAM = 5Q99YHA359;
				INFOPLIST_FILE = "ios-photo-viewer-demoTests/Info.plist";
				LD_RUNPATH_SEARCH_PATHS = "$(inherited) @executable_path/Frameworks @loader_path/Frameworks";
				PRODUCT_BUNDLE_IDENTIFIER = "jp.taguchi-k.ios-photo-viewer-demoTests";
				PRODUCT_NAME = "$(TARGET_NAME)";
				SWIFT_VERSION = 4.0;
				TARGETED_DEVICE_FAMILY = "1,2";
				TEST_HOST = "$(BUILT_PRODUCTS_DIR)/ios-photo-viewer-demo.app/ios-photo-viewer-demo";
			};
			name = Release;
		};
/* End XCBuildConfiguration section */

/* Begin XCConfigurationList section */
		9607C59D1F9CDAB700C857EA /* Build configuration list for PBXProject "ios-photo-viewer-demo" */ = {
			isa = XCConfigurationList;
			buildConfigurations = (
				9607C5BD1F9CDAB700C857EA /* Debug */,
				9607C5BE1F9CDAB700C857EA /* Release */,
			);
			defaultConfigurationIsVisible = 0;
			defaultConfigurationName = Release;
		};
		9607C5BF1F9CDAB700C857EA /* Build configuration list for PBXNativeTarget "ios-photo-viewer-demo" */ = {
			isa = XCConfigurationList;
			buildConfigurations = (
				9607C5C01F9CDAB700C857EA /* Debug */,
				9607C5C11F9CDAB700C857EA /* Release */,
			);
			defaultConfigurationIsVisible = 0;
			defaultConfigurationName = Release;
		};
		9607C5C21F9CDAB700C857EA /* Build configuration list for PBXNativeTarget "ios-photo-viewer-demoTests" */ = {
			isa = XCConfigurationList;
			buildConfigurations = (
				9607C5C31F9CDAB700C857EA /* Debug */,
				9607C5C41F9CDAB700C857EA /* Release */,
			);
			defaultConfigurationIsVisible = 0;
			defaultConfigurationName = Release;
		};
/* End XCConfigurationList section */
	};
	rootObject = 9607C59A1F9CDAB700C857EA /* Project object */;
}
